<?xml version="1.0" encoding="UTF-8"?>
<Scheme
   LastUpgradeVersion = "0730"
   version = "2.0">
   <BuildAction
      parallelizeBuildables = "YES"
      buildImplicitDependencies = "YES">
      <BuildActionEntries>
         <BuildActionEntry
            buildForTesting = "YES"
            buildForRunning = "YES"
            buildForProfiling = "YES"
            buildForArchiving = "YES"
            buildForAnalyzing = "YES">
            <BuildableReference
               BuildableIdentifier = "primary"
               BlueprintIdentifier = "8ED688441CC7A6500005C938"
               BuildableName = "iHIIT WatchKit App.app"
               BlueprintName = "iHIIT WatchKit App"
               ReferencedContainer = "container:iHIIT.xcodeproj">
            </BuildableReference>
         </BuildActionEntry>
         <BuildActionEntry
            buildForTesting = "YES"
            buildForRunning = "YES"
            buildForProfiling = "YES"
            buildForArchiving = "YES"
            buildForAnalyzing = "YES">
            <BuildableReference
               BuildableIdentifier = "primary"
               BlueprintIdentifier = "8ED688531CC7A6500005C938"
               BuildableName = "iHIIT WatchKit Extension.appex"
               BlueprintName = "iHIIT WatchKit Extension"
               ReferencedContainer = "container:iHIIT.xcodeproj">
            </BuildableReference>
         </BuildActionEntry>
         <BuildActionEntry
            buildForTesting = "YES"
            buildForRunning = "YES"
            buildForProfiling = "YES"
            buildForArchiving = "YES"
            buildForAnalyzing = "YES">
            <BuildableReference
               BuildableIdentifier = "primary"
               BlueprintIdentifier = "8ED688321CC7A6500005C938"
               BuildableName = "iHIIT.app"
               BlueprintName = "iHIIT"
               ReferencedContainer = "container:iHIIT.xcodeproj">
            </BuildableReference>
         </BuildActionEntry>
      </BuildActionEntries>
   </BuildAction>
   <TestAction
      buildConfiguration = "Debug"
      selectedDebuggerIdentifier = "Xcode.DebuggerFoundation.Debugger.LLDB"
      selectedLauncherIdentifier = "Xcode.DebuggerFoundation.Launcher.LLDB"
      shouldUseLaunchSchemeArgsEnv = "YES">
      <Testables>
      </Testables>
      <MacroExpansion>
         <BuildableReference
            BuildableIdentifier = "primary"
            BlueprintIdentifier = "8ED688441CC7A6500005C938"
            BuildableName = "iHIIT WatchKit App.app"
            BlueprintName = "iHIIT WatchKit App"
            ReferencedContainer = "container:iHIIT.xcodeproj">
         </BuildableReference>
      </MacroExpansion>
      <AdditionalOptions>
      </AdditionalOptions>
   </TestAction>
   <LaunchAction
      buildConfiguration = "Debug"
      selectedDebuggerIdentifier = "Xcode.DebuggerFoundation.Debugger.LLDB"
      selectedLauncherIdentifier = "Xcode.DebuggerFoundation.Launcher.LLDB"
      launchStyle = "0"
      useCustomWorkingDirectory = "NO"
      ignoresPersistentStateOnLaunch = "NO"
      debugDocumentVersioning = "YES"
      debugServiceExtension = "internal"
      allowLocationSimulation = "YES"
      launchAutomaticallySubstyle = "4"
      notificationPayloadFile = "iHIIT WatchKit Extension/PushNotificationPayload.apns">
      <RemoteRunnable
         runnableDebuggingMode = "2"
         BundleIdentifier = "com.apple.carousel"
         RemotePath = "/iHIIT WatchKit App">
         <BuildableReference
            BuildableIdentifier = "primary"
            BlueprintIdentifier = "8ED688441CC7A6500005C938"
            BuildableName = "iHIIT WatchKit App.app"
            BlueprintName = "iHIIT WatchKit App"
            ReferencedContainer = "container:iHIIT.xcodeproj">
         </BuildableReference>
      </RemoteRunnable>
      <MacroExpansion>
         <BuildableReference
            BuildableIdentifier = "primary"
            BlueprintIdentifier = "8ED688441CC7A6500005C938"
            BuildableName = "iHIIT WatchKit App.app"
            BlueprintName = "iHIIT WatchKit App"
            ReferencedContainer = "container:iHIIT.xcodeproj">
         </BuildableReference>
      </MacroExpansion>
      <AdditionalOptions>
      </AdditionalOptions>
   </LaunchAction>
   <ProfileAction
      buildConfiguration = "Release"
      shouldUseLaunchSchemeArgsEnv = "YES"
      savedToolIdentifier = ""
      useCustomWorkingDirectory = "NO"
      debugDocumentVersioning = "YES"
      launchAutomaticallySubstyle = "4"
      notificationPayloadFile = "iHIIT WatchKit Extension/PushNotificationPayload.apns">
      <RemoteRunnable
         runnableDebuggingMode = "2"
         BundleIdentifier = "com.apple.carousel"
         RemotePath = "/iHIIT WatchKit App">
         <BuildableReference
            BuildableIdentifier = "primary"
            BlueprintIdentifier = "8ED688441CC7A6500005C938"
            BuildableName = "iHIIT WatchKit App.app"
            BlueprintName = "iHIIT WatchKit App"
            ReferencedContainer = "container:iHIIT.xcodeproj">
         </BuildableReference>
      </RemoteRunnable>
      <MacroExpansion>
         <BuildableReference
            BuildableIdentifier = "primary"
            BlueprintIdentifier = "8ED688441CC7A6500005C938"
            BuildableName = "iHIIT WatchKit App.app"
            BlueprintName = "iHIIT WatchKit App"
            ReferencedContainer = "container:iHIIT.xcodeproj">
         </BuildableReference>
      </MacroExpansion>
   </ProfileAction>
   <AnalyzeAction
      buildConfiguration = "Debug">
   </AnalyzeAction>
   <ArchiveAction
      buildConfiguration = "Release"
      revealArchiveInOrganizer = "YES">
   </ArchiveAction>
</Scheme>
